// !$*UTF8*$!
{
	archiveVersion = 1;
	classes = {
	};
	objectVersion = 55;
	objects = {

/* Begin PBXBuildFile section */
		3BF9C07E271DD84600ADB970 /* Speech_SynthesizerApp.swift in Sources */ = {isa = PBXBuildFile; fileRef = 3BF9C07D271DD84600ADB970 /* Speech_SynthesizerApp.swift */; };
		3BF9C080271DD84600ADB970 /* ContentView.swift in Sources */ = {isa = PBXBuildFile; fileRef = 3BF9C07F271DD84600ADB970 /* ContentView.swift */; };
		3BF9C082271DD84800ADB970 /* Assets.xcassets in Resources */ = {isa = PBXBuildFile; fileRef = 3BF9C081271DD84800ADB970 /* Assets.xcassets */; };
		3BF9C085271DD84800ADB970 /* Preview Assets.xcassets in Resources */ = {isa = PBXBuildFile; fileRef = 3BF9C084271DD84800ADB970 /* Preview Assets.xcassets */; };
		3BF9C087271DD84800ADB970 /* Persistence.swift in Sources */ = {isa = PBXBuildFile; fileRef = 3BF9C086271DD84800ADB970 /* Persistence.swift */; };
		3BF9C08A271DD84800ADB970 /* Speech_Synthesizer.xcdatamodeld in Sources */ = {isa = PBXBuildFile; fileRef = 3BF9C088271DD84800ADB970 /* Speech_Synthesizer.xcdatamodeld */; };
		3BF9C091271DDD4A00ADB970 /* Speech.swift in Sources */ = {isa = PBXBuildFile; fileRef = 3BF9C090271DDD4A00ADB970 /* Speech.swift */; };
		3BF9C093271DDD5D00ADB970 /* TabBar.swift in Sources */ = {isa = PBXBuildFile; fileRef = 3BF9C092271DDD5D00ADB970 /* TabBar.swift */; };
/* End PBXBuildFile section */

/* Begin PBXFileReference section */
		3BF9C07A271DD84600ADB970 /* Speech Synthesizer.app */ = {isa = PBXFileReference; explicitFileType = wrapper.application; includeInIndex = 0; path = "Speech Synthesizer.app"; sourceTree = BUILT_PRODUCTS_DIR; };
		3BF9C07D271DD84600ADB970 /* Speech_SynthesizerApp.swift */ = {isa = PBXFileReference; lastKnownFileType = sourcecode.swift; path = Speech_SynthesizerApp.swift; sourceTree = "<group>"; };
		3BF9C07F271DD84600ADB970 /* ContentView.swift */ = {isa = PBXFileReference; lastKnownFileType = sourcecode.swift; path = ContentView.swift; sourceTree = "<group>"; };
		3BF9C081271DD84800ADB970 /* Assets.xcassets */ = {isa = PBXFileReference; lastKnownFileType = folder.assetcatalog; path = Assets.xcassets; sourceTree = "<group>"; };
		3BF9C084271DD84800ADB970 /* Preview Assets.xcassets */ = {isa = PBXFileReference; lastKnownFileType = folder.assetcatalog; path = "Preview Assets.xcassets"; sourceTree = "<group>"; };
		3BF9C086271DD84800ADB970 /* Persistence.swift */ = {isa = PBXFileReference; lastKnownFileType = sourcecode.swift; path = Persistence.swift; sourceTree = "<group>"; };
		3BF9C089271DD84800ADB970 /* Speech_Synthesizer.xcdatamodel */ = {isa = PBXFileReference; lastKnownFileType = wrapper.xcdatamodel; path = Speech_Synthesizer.xcdatamodel; sourceTree = "<group>"; };
		3BF9C090271DDD4A00ADB970 /* Speech.swift */ = {isa = PBXFileReference; lastKnownFileType = sourcecode.swift; path = Speech.swift; sourceTree = "<group>"; };
		3BF9C092271DDD5D00ADB970 /* TabBar.swift */ = {isa = PBXFileReference; lastKnownFileType = sourcecode.swift; path = TabBar.swift; sourceTree = "<group>"; };
/* End PBXFileReference section */

/* Begin PBXFrameworksBuildPhase section */
		3BF9C077271DD84600ADB970 /* Frameworks */ = {
			isa = PBXFrameworksBuildPhase;
			buildActionMask = 2147483647;
			files = (
			);
			runOnlyForDeploymentPostprocessing = 0;
		};
/* End PBXFrameworksBuildPhase section */

/* Begin PBXGroup section */
		3B00D2E927331EA700DF20F2 /* Supporting Files */ = {
			isa = PBXGroup;
			children = (
				3BF9C081271DD84800ADB970 /* Assets.xcassets */,
			);
			path = "Supporting Files";
			sourceTree = "<group>";
		};
		3B00D2EA27331F1500DF20F2 /* Services */ = {
			isa = PBXGroup;
			children = (
			);
			path = Services;
			sourceTree = "<group>";
		};
		3B00D2EB27331F2C00DF20F2 /* Views */ = {
			isa = PBXGroup;
			children = (
				3BF9C07F271DD84600ADB970 /* ContentView.swift */,
				3BF9C090271DDD4A00ADB970 /* Speech.swift */,
				3BF9C092271DDD5D00ADB970 /* TabBar.swift */,
			);
			path = Views;
			sourceTree = "<group>";
		};
		3B00D2EC27331F9900DF20F2 /* DataStorage */ = {
			isa = PBXGroup;
			children = (
				3BF9C086271DD84800ADB970 /* Persistence.swift */,
				3BF9C088271DD84800ADB970 /* Speech_Synthesizer.xcdatamodeld */,
			);
			path = DataStorage;
			sourceTree = "<group>";
		};
		3BF9C071271DD84600ADB970 = {
			isa = PBXGroup;
			children = (
				3BF9C07C271DD84600ADB970 /* Speech Synthesizer */,
				3BF9C07B271DD84600ADB970 /* Products */,
			);
			sourceTree = "<group>";
		};
		3BF9C07B271DD84600ADB970 /* Products */ = {
			isa = PBXGroup;
			children = (
				3BF9C07A271DD84600ADB970 /* Speech Synthesizer.app */,
			);
			name = Products;
			sourceTree = "<group>";
		};
		3BF9C07C271DD84600ADB970 /* Speech Synthesizer */ = {
			isa = PBXGroup;
			children = (
				3B00D2EC27331F9900DF20F2 /* DataStorage */,
				3B00D2EB27331F2C00DF20F2 /* Views */,
				3B00D2EA27331F1500DF20F2 /* Services */,
				3B00D2E927331EA700DF20F2 /* Supporting Files */,
				3BF9C07D271DD84600ADB970 /* Speech_SynthesizerApp.swift */,
				3BF9C083271DD84800ADB970 /* Preview Content */,
			);
			path = "Speech Synthesizer";
			sourceTree = "<group>";
		};
		3BF9C083271DD84800ADB970 /* Preview Content */ = {
			isa = PBXGroup;
			children = (
				3BF9C084271DD84800ADB970 /* Preview Assets.xcassets */,
			);
			path = "Preview Content";
			sourceTree = "<group>";
		};
/* End PBXGroup section */

/* Begin PBXNativeTarget section */
		3BF9C079271DD84600ADB970 /* Speech Synthesizer */ = {
			isa = PBXNativeTarget;
			buildConfigurationList = 3BF9C08D271DD84800ADB970 /* Build configuration list for PBXNativeTarget "Speech Synthesizer" */;
			buildPhases = (
				3BF9C076271DD84600ADB970 /* Sources */,
				3BF9C077271DD84600ADB970 /* Frameworks */,
				3BF9C078271DD84600ADB970 /* Resources */,
			);
			buildRules = (
			);
			dependencies = (
			);
			name = "Speech Synthesizer";
			productName = "Speech Synthesizer";
			productReference = 3BF9C07A271DD84600ADB970 /* Speech Synthesizer.app */;
			productType = "com.apple.product-type.application";
		};
/* End PBXNativeTarget section */

/* Begin PBXProject section */
		3BF9C072271DD84600ADB970 /* Project object */ = {
			isa = PBXProject;
			attributes = {
				BuildIndependentTargetsInParallel = 1;
				LastSwiftUpdateCheck = 1300;
				LastUpgradeCheck = 1300;
				TargetAttributes = {
					3BF9C079271DD84600ADB970 = {
						CreatedOnToolsVersion = 13.0;
					};
				};
			};
			buildConfigurationList = 3BF9C075271DD84600ADB970 /* Build configuration list for PBXProject "Speech Synthesizer" */;
			compatibilityVersion = "Xcode 13.0";
			developmentRegion = en;
			hasScannedForEncodings = 0;
			knownRegions = (
				en,
				Base,
			);
			mainGroup = 3BF9C071271DD84600ADB970;
			productRefGroup = 3BF9C07B271DD84600ADB970 /* Products */;
			projectDirPath = "";
			projectRoot = "";
			targets = (
				3BF9C079271DD84600ADB970 /* Speech Synthesizer */,
			);
		};
/* End PBXProject section */

/* Begin PBXResourcesBuildPhase section */
		3BF9C078271DD84600ADB970 /* Resources */ = {
			isa = PBXResourcesBuildPhase;
			buildActionMask = 2147483647;
			files = (
				3BF9C085271DD84800ADB970 /* Preview Assets.xcassets in Resources */,
				3BF9C082271DD84800ADB970 /* Assets.xcassets in Resources */,
			);
			runOnlyForDeploymentPostprocessing = 0;
		};
/* End PBXResourcesBuildPhase section */

/* Begin PBXSourcesBuildPhase section */
		3BF9C076271DD84600ADB970 /* Sources */ = {
			isa = PBXSourcesBuildPhase;
			buildActionMask = 2147483647;
			files = (
				3BF9C087271DD84800ADB970 /* Persistence.swift in Sources */,
				3BF9C080271DD84600ADB970 /* ContentView.swift in Sources */,
				3BF9C08A271DD84800ADB970 /* Speech_Synthesizer.xcdatamodeld in Sources */,
				3BF9C093271DDD5D00ADB970 /* TabBar.swift in Sources */,
				3BF9C07E271DD84600ADB970 /* Speech_SynthesizerApp.swift in Sources */,
				3BF9C091271DDD4A00ADB970 /* Speech.swift in Sources */,
			);
			runOnlyForDeploymentPostprocessing = 0;
		};
/* End PBXSourcesBuildPhase section */

/* Begin XCBuildConfiguration section */
		3BF9C08B271DD84800ADB970 /* Debug */ = {
			isa = XCBuildConfiguration;
			buildSettings = {
				ALWAYS_SEARCH_USER_PATHS = NO;
				CLANG_ANALYZER_NONNULL = YES;
				CLANG_ANALYZER_NUMBER_OBJECT_CONVERSION = YES_AGGRESSIVE;
				CLANG_CXX_LANGUAGE_STANDARD = "gnu++17";
				CLANG_CXX_LIBRARY = "libc++";
				CLANG_ENABLE_MODULES = YES;
				CLANG_ENABLE_OBJC_ARC = YES;
				CLANG_ENABLE_OBJC_WEAK = YES;
				CLANG_WARN_BLOCK_CAPTURE_AUTORELEASING = YES;
				CLANG_WARN_BOOL_CONVERSION = YES;
				CLANG_WARN_COMMA = YES;
				CLANG_WARN_CONSTANT_CONVERSION = YES;
				CLANG_WARN_DEPRECATED_OBJC_IMPLEMENTATIONS = YES;
				CLANG_WARN_DIRECT_OBJC_ISA_USAGE = YES_ERROR;
				CLANG_WARN_DOCUMENTATION_COMMENTS = YES;
				CLANG_WARN_EMPTY_BODY = YES;
				CLANG_WARN_ENUM_CONVERSION = YES;
				CLANG_WARN_INFINITE_RECURSION = YES;
				CLANG_WARN_INT_CONVERSION = YES;
				CLANG_WARN_NON_LITERAL_NULL_CONVERSION = YES;
				CLANG_WARN_OBJC_IMPLICIT_RETAIN_SELF = YES;
				CLANG_WARN_OBJC_LITERAL_CONVERSION = YES;
				CLANG_WARN_OBJC_ROOT_CLASS = YES_ERROR;
				CLANG_WARN_QUOTED_INCLUDE_IN_FRAMEWORK_HEADER = YES;
				CLANG_WARN_RANGE_LOOP_ANALYSIS = YES;
				CLANG_WARN_STRICT_PROTOTYPES = YES;
				CLANG_WARN_SUSPICIOUS_MOVE = YES;
				CLANG_WARN_UNGUARDED_AVAILABILITY = YES_AGGRESSIVE;
				CLANG_WARN_UNREACHABLE_CODE = YES;
				CLANG_WARN__DUPLICATE_METHOD_MATCH = YES;
				COPY_PHASE_STRIP = NO;
				DEBUG_INFORMATION_FORMAT = dwarf;
				ENABLE_STRICT_OBJC_MSGSEND = YES;
				ENABLE_TESTABILITY = YES;
				GCC_C_LANGUAGE_STANDARD = gnu11;
				GCC_DYNAMIC_NO_PIC = NO;
				GCC_NO_COMMON_BLOCKS = YES;
				GCC_OPTIMIZATION_LEVEL = 0;
				GCC_PREPROCESSOR_DEFINITIONS = (
					"DEBUG=1",
					"$(inherited)",
				);
				GCC_WARN_64_TO_32_BIT_CONVERSION = YES;
				GCC_WARN_ABOUT_RETURN_TYPE = YES_ERROR;
				GCC_WARN_UNDECLARED_SELECTOR = YES;
				GCC_WARN_UNINITIALIZED_AUTOS = YES_AGGRESSIVE;
				GCC_WARN_UNUSED_FUNCTION = YES;
				GCC_WARN_UNUSED_VARIABLE = YES;
				IPHONEOS_DEPLOYMENT_TARGET = 15.0;
				MTL_ENABLE_DEBUG_INFO = INCLUDE_SOURCE;
				MTL_FAST_MATH = YES;
				ONLY_ACTIVE_ARCH = YES;
				SDKROOT = iphoneos;
				SWIFT_ACTIVE_COMPILATION_CONDITIONS = DEBUG;
				SWIFT_OPTIMIZATION_LEVEL = "-Onone";
			};
			name = Debug;
		};
		3BF9C08C271DD84800ADB970 /* Release */ = {
			isa = XCBuildConfiguration;
			buildSettings = {
				ALWAYS_SEARCH_USER_PATHS = NO;
				CLANG_ANALYZER_NONNULL = YES;
				CLANG_ANALYZER_NUMBER_OBJECT_CONVERSION = YES_AGGRESSIVE;
				CLANG_CXX_LANGUAGE_STANDARD = "gnu++17";
				CLANG_CXX_LIBRARY = "libc++";
				CLANG_ENABLE_MODULES = YES;
				CLANG_ENABLE_OBJC_ARC = YES;
				CLANG_ENABLE_OBJC_WEAK = YES;
				CLANG_WARN_BLOCK_CAPTURE_AUTORELEASING = YES;
				CLANG_WARN_BOOL_CONVERSION = YES;
				CLANG_WARN_COMMA = YES;
				CLANG_WARN_CONSTANT_CONVERSION = YES;
				CLANG_WARN_DEPRECATED_OBJC_IMPLEMENTATIONS = YES;
				CLANG_WARN_DIRECT_OBJC_ISA_USAGE = YES_ERROR;
				CLANG_WARN_DOCUMENTATION_COMMENTS = YES;
				CLANG_WARN_EMPTY_BODY = YES;
				CLANG_WARN_ENUM_CONVERSION = YES;
				CLANG_WARN_INFINITE_RECURSION = YES;
				CLANG_WARN_INT_CONVERSION = YES;
				CLANG_WARN_NON_LITERAL_NULL_CONVERSION = YES;
				CLANG_WARN_OBJC_IMPLICIT_RETAIN_SELF = YES;
				CLANG_WARN_OBJC_LITERAL_CONVERSION = YES;
				CLANG_WARN_OBJC_ROOT_CLASS = YES_ERROR;
				CLANG_WARN_QUOTED_INCLUDE_IN_FRAMEWORK_HEADER = YES;
				CLANG_WARN_RANGE_LOOP_ANALYSIS = YES;
				CLANG_WARN_STRICT_PROTOTYPES = YES;
				CLANG_WARN_SUSPICIOUS_MOVE = YES;
				CLANG_WARN_UNGUARDED_AVAILABILITY = YES_AGGRESSIVE;
				CLANG_WARN_UNREACHABLE_CODE = YES;
				CLANG_WARN__DUPLICATE_METHOD_MATCH = YES;
				COPY_PHASE_STRIP = NO;
				DEBUG_INFORMATION_FORMAT = "dwarf-with-dsym";
				ENABLE_NS_ASSERTIONS = NO;
				ENABLE_STRICT_OBJC_MSGSEND = YES;
				GCC_C_LANGUAGE_STANDARD = gnu11;
				GCC_NO_COMMON_BLOCKS = YES;
				GCC_WARN_64_TO_32_BIT_CONVERSION = YES;
				GCC_WARN_ABOUT_RETURN_TYPE = YES_ERROR;
				GCC_WARN_UNDECLARED_SELECTOR = YES;
				GCC_WARN_UNINITIALIZED_AUTOS = YES_AGGRESSIVE;
				GCC_WARN_UNUSED_FUNCTION = YES;
				GCC_WARN_UNUSED_VARIABLE = YES;
				IPHONEOS_DEPLOYMENT_TARGET = 15.0;
				MTL_ENABLE_DEBUG_INFO = NO;
				MTL_FAST_MATH = YES;
				SDKROOT = iphoneos;
				SWIFT_COMPILATION_MODE = wholemodule;
				SWIFT_OPTIMIZATION_LEVEL = "-O";
				VALIDATE_PRODUCT = YES;
			};
			name = Release;
		};
		3BF9C08E271DD84800ADB970 /* Debug */ = {
			isa = XCBuildConfiguration;
			buildSettings = {
				ASSETCATALOG_COMPILER_APPICON_NAME = AppIcon;
				ASSETCATALOG_COMPILER_GLOBAL_ACCENT_COLOR_NAME = AccentColor;
				CODE_SIGN_STYLE = Automatic;
				CURRENT_PROJECT_VERSION = 1;
				DEVELOPMENT_ASSET_PATHS = "\"Speech Synthesizer/Preview Content\"";
				DEVELOPMENT_TEAM = RNER64Q73Y;
				ENABLE_PREVIEWS = YES;
				GENERATE_INFOPLIST_FILE = YES;
				INFOPLIST_KEY_UIApplicationSceneManifest_Generation = YES;
				INFOPLIST_KEY_UIApplicationSupportsIndirectInputEvents = YES;
				INFOPLIST_KEY_UILaunchScreen_Generation = YES;
				INFOPLIST_KEY_UISupportedInterfaceOrientations_iPad = "UIInterfaceOrientationPortrait UIInterfaceOrientationPortraitUpsideDown UIInterfaceOrientationLandscapeLeft UIInterfaceOrientationLandscapeRight";
				INFOPLIST_KEY_UISupportedInterfaceOrientations_iPhone = "UIInterfaceOrientationPortrait UIInterfaceOrientationLandscapeLeft UIInterfaceOrientationLandscapeRight";
				IPHONEOS_DEPLOYMENT_TARGET = 14.0;
				LD_RUNPATH_SEARCH_PATHS = (
					"$(inherited)",
					"@executable_path/Frameworks",
				);
				MARKETING_VERSION = 1.0;
				PRODUCT_BUNDLE_IDENTIFIER = "ru.ageres7.Speech-Synthesizer";
				PRODUCT_NAME = "$(TARGET_NAME)";
				SWIFT_EMIT_LOC_STRINGS = YES;
				SWIFT_VERSION = 5.0;
				TARGETED_DEVICE_FAMILY = "1,2";
			};
			name = Debug;
		};
		3BF9C08F271DD84800ADB970 /* Release */ = {
			isa = XCBuildConfiguration;
			buildSettings = {
				ASSETCATALOG_COMPILER_APPICON_NAME = AppIcon;
				ASSETCATALOG_COMPILER_GLOBAL_ACCENT_COLOR_NAME = AccentColor;
				CODE_SIGN_STYLE = Automatic;
				CURRENT_PROJECT_VERSION = 1;
				DEVELOPMENT_ASSET_PATHS = "\"Speech Synthesizer/Preview Content\"";
				DEVELOPMENT_TEAM = RNER64Q73Y;
				ENABLE_PREVIEWS = YES;
				GENERATE_INFOPLIST_FILE = YES;
				INFOPLIST_KEY_UIApplicationSceneManifest_Generation = YES;
				INFOPLIST_KEY_UIApplicationSupportsIndirectInputEvents = YES;
				INFOPLIST_KEY_UILaunchScreen_Generation = YES;
				INFOPLIST_KEY_UISupportedInterfaceOrientations_iPad = "UIInterfaceOrientationPortrait UIInterfaceOrientationPortraitUpsideDown UIInterfaceOrientationLandscapeLeft UIInterfaceOrientationLandscapeRight";
				INFOPLIST_KEY_UISupportedInterfaceOrientations_iPhone = "UIInterfaceOrientationPortrait UIInterfaceOrientationLandscapeLeft UIInterfaceOrientationLandscapeRight";
				IPHONEOS_DEPLOYMENT_TARGET = 14.0;
				LD_RUNPATH_SEARCH_PATHS = (
					"$(inherited)",
					"@executable_path/Frameworks",
				);
				MARKETING_VERSION = 1.0;
				PRODUCT_BUNDLE_IDENTIFIER = "ru.ageres7.Speech-Synthesizer";
				PRODUCT_NAME = "$(TARGET_NAME)";
				SWIFT_EMIT_LOC_STRINGS = YES;
				SWIFT_VERSION = 5.0;
				TARGETED_DEVICE_FAMILY = "1,2";
			};
			name = Release;
		};
/* End XCBuildConfiguration section */

/* Begin XCConfigurationList section */
		3BF9C075271DD84600ADB970 /* Build configuration list for PBXProject "Speech Synthesizer" */ = {
			isa = XCConfigurationList;
			buildConfigurations = (
				3BF9C08B271DD84800ADB970 /* Debug */,
				3BF9C08C271DD84800ADB970 /* Release */,
			);
			defaultConfigurationIsVisible = 0;
			defaultConfigurationName = Release;
		};
		3BF9C08D271DD84800ADB970 /* Build configuration list for PBXNativeTarget "Speech Synthesizer" */ = {
			isa = XCConfigurationList;
			buildConfigurations = (
				3BF9C08E271DD84800ADB970 /* Debug */,
				3BF9C08F271DD84800ADB970 /* Release */,
			);
			defaultConfigurationIsVisible = 0;
			defaultConfigurationName = Release;
		};
/* End XCConfigurationList section */

/* Begin XCVersionGroup section */
		3BF9C088271DD84800ADB970 /* Speech_Synthesizer.xcdatamodeld */ = {
			isa = XCVersionGroup;
			children = (
				3BF9C089271DD84800ADB970 /* Speech_Synthesizer.xcdatamodel */,
			);
			currentVersion = 3BF9C089271DD84800ADB970 /* Speech_Synthesizer.xcdatamodel */;
			path = Speech_Synthesizer.xcdatamodeld;
			sourceTree = "<group>";
			versionGroupType = wrapper.xcdatamodel;
		};
/* End XCVersionGroup section */
	};
	rootObject = 3BF9C072271DD84600ADB970 /* Project object */;
}
